
Microsoft Visual Studio Solution File, Format Version 12.00
# Visual Studio Version 18
VisualStudioVersion = 18.3.11520.95 d18.3
MinimumVisualStudioVersion = 10.0.40219.1
Project("{9A19103F-16F7-4668-BE54-9A1E7A4F7556}") = "BlockByBlock", "BlockByBlock\BlockByBlock.csproj", "{1FB46312-68BD-4844-8C7A-D827D3E57C3C}"
EndProject
Project("{D954291E-2A0B-460D-934E-DC6B0785DB48}") = "BlockByBlockShared", "BlockByBlockShared\BlockByBlockShared.shproj", "{42D4711A-70F3-4E3E-B407-A03D5B405541}"
EndProject
Global
	GlobalSection(SolutionConfigurationPlatforms) = preSolution
		Debug|Any CPU = Debug|Any CPU
		Debug|x64 = Debug|x64
		Release|Any CPU = Release|Any CPU
		Release|x64 = Release|x64
	EndGlobalSection
	GlobalSection(ProjectConfigurationPlatforms) = postSolution
		{1FB46312-68BD-4844-8C7A-D827D3E57C3C}.Debug|Any CPU.ActiveCfg = Debug|Any CPU
		{1FB46312-68BD-4844-8C7A-D827D3E57C3C}.Debug|Any CPU.Build.0 = Debug|Any CPU
		{1FB46312-68BD-4844-8C7A-D827D3E57C3C}.Debug|x64.ActiveCfg = Debug|x64
		{1FB46312-68BD-4844-8C7A-D827D3E57C3C}.Debug|x64.Build.0 = Debug|x64
		{1FB46312-68BD-4844-8C7A-D827D3E57C3C}.Release|Any CPU.ActiveCfg = Release|Any CPU
		{1FB46312-68BD-4844-8C7A-D827D3E57C3C}.Release|Any CPU.Build.0 = Release|Any CPU
		{1FB46312-68BD-4844-8C7A-D827D3E57C3C}.Release|x64.ActiveCfg = Release|x64
		{1FB46312-68BD-4844-8C7A-D827D3E57C3C}.Release|x64.Build.0 = Release|x64
	EndGlobalSection
	GlobalSection(SolutionProperties) = preSolution
		HideSolutionNode = FALSE
	EndGlobalSection
	GlobalSection(ExtensibilityGlobals) = postSolution
		SolutionGuid = {E9991FF3-C373-4B16-AF36-7F2DD535A86E}
	EndGlobalSection
	GlobalSection(SharedMSBuildProjectFiles) = preSolution
		BlockByBlockShared\BlockByBlockShared.projitems*{42d4711a-70f3-4e3e-b407-a03d5b405541}*SharedItemsImports = 13
	EndGlobalSection
EndGlobal
